// !$*UTF8*$!
{
	archiveVersion = 1;
	classes = {
	};
	objectVersion = 55;
	objects = {

/* Begin PBXBuildFile section */
		BD7B306727616E54006B8274 /* musicNotesAI_29-11-2021_23-09.mlmodel in Sources */ = {isa = PBXBuildFile; fileRef = BD7B306627616E54006B8274 /* musicNotesAI_29-11-2021_23-09.mlmodel */; };
		BDA1FDE92749394A00AC8970 /* Generate_Dataset_To_Music_NotesApp.swift in Sources */ = {isa = PBXBuildFile; fileRef = BDA1FDE82749394A00AC8970 /* Generate_Dataset_To_Music_NotesApp.swift */; };
		BDA1FDEB2749394A00AC8970 /* ContentView.swift in Sources */ = {isa = PBXBuildFile; fileRef = BDA1FDEA2749394A00AC8970 /* ContentView.swift */; };
		BDA1FDED2749394B00AC8970 /* Assets.xcassets in Resources */ = {isa = PBXBuildFile; fileRef = BDA1FDEC2749394B00AC8970 /* Assets.xcassets */; };
		BDA1FDF02749394B00AC8970 /* Preview Assets.xcassets in Resources */ = {isa = PBXBuildFile; fileRef = BDA1FDEF2749394B00AC8970 /* Preview Assets.xcassets */; };
		BDA1FDF7274939DC00AC8970 /* CanvasView.swift in Sources */ = {isa = PBXBuildFile; fileRef = BDA1FDF6274939DC00AC8970 /* CanvasView.swift */; };
		BDA1FDF9274939F300AC8970 /* StaffView.swift in Sources */ = {isa = PBXBuildFile; fileRef = BDA1FDF8274939F300AC8970 /* StaffView.swift */; };
		BDA1FDFB2749A2A500AC8970 /* ImageDocument.swift in Sources */ = {isa = PBXBuildFile; fileRef = BDA1FDFA2749A2A400AC8970 /* ImageDocument.swift */; };
/* End PBXBuildFile section */

/* Begin PBXFileReference section */
		BD7B306627616E54006B8274 /* musicNotesAI_29-11-2021_23-09.mlmodel */ = {isa = PBXFileReference; lastKnownFileType = file.mlmodel; path = "musicNotesAI_29-11-2021_23-09.mlmodel"; sourceTree = "<group>"; };
		BDA1FDE52749394A00AC8970 /* Generate Dataset To Music Notes.app */ = {isa = PBXFileReference; explicitFileType = wrapper.application; includeInIndex = 0; path = "Generate Dataset To Music Notes.app"; sourceTree = BUILT_PRODUCTS_DIR; };
		BDA1FDE82749394A00AC8970 /* Generate_Dataset_To_Music_NotesApp.swift */ = {isa = PBXFileReference; lastKnownFileType = sourcecode.swift; path = Generate_Dataset_To_Music_NotesApp.swift; sourceTree = "<group>"; };
		BDA1FDEA2749394A00AC8970 /* ContentView.swift */ = {isa = PBXFileReference; lastKnownFileType = sourcecode.swift; path = ContentView.swift; sourceTree = "<group>"; };
		BDA1FDEC2749394B00AC8970 /* Assets.xcassets */ = {isa = PBXFileReference; lastKnownFileType = folder.assetcatalog; path = Assets.xcassets; sourceTree = "<group>"; };
		BDA1FDEF2749394B00AC8970 /* Preview Assets.xcassets */ = {isa = PBXFileReference; lastKnownFileType = folder.assetcatalog; path = "Preview Assets.xcassets"; sourceTree = "<group>"; };
		BDA1FDF6274939DC00AC8970 /* CanvasView.swift */ = {isa = PBXFileReference; lastKnownFileType = sourcecode.swift; path = CanvasView.swift; sourceTree = "<group>"; };
		BDA1FDF8274939F300AC8970 /* StaffView.swift */ = {isa = PBXFileReference; lastKnownFileType = sourcecode.swift; path = StaffView.swift; sourceTree = "<group>"; };
		BDA1FDFA2749A2A400AC8970 /* ImageDocument.swift */ = {isa = PBXFileReference; lastKnownFileType = sourcecode.swift; path = ImageDocument.swift; sourceTree = "<group>"; };
/* End PBXFileReference section */

/* Begin PBXFrameworksBuildPhase section */
		BDA1FDE22749394A00AC8970 /* Frameworks */ = {
			isa = PBXFrameworksBuildPhase;
			buildActionMask = 2147483647;
			files = (
			);
			runOnlyForDeploymentPostprocessing = 0;
		};
/* End PBXFrameworksBuildPhase section */

/* Begin PBXGroup section */
		BDA1FDDC2749394A00AC8970 = {
			isa = PBXGroup;
			children = (
				BDA1FDF8274939F300AC8970 /* StaffView.swift */,
				BDA1FDE72749394A00AC8970 /* Generate Dataset To Music Notes */,
				BDA1FDE62749394A00AC8970 /* Products */,
			);
			sourceTree = "<group>";
		};
		BDA1FDE62749394A00AC8970 /* Products */ = {
			isa = PBXGroup;
			children = (
				BDA1FDE52749394A00AC8970 /* Generate Dataset To Music Notes.app */,
			);
			name = Products;
			sourceTree = "<group>";
		};
		BDA1FDE72749394A00AC8970 /* Generate Dataset To Music Notes */ = {
			isa = PBXGroup;
			children = (
				BDA1FDE82749394A00AC8970 /* Generate_Dataset_To_Music_NotesApp.swift */,
				BDA1FDFA2749A2A400AC8970 /* ImageDocument.swift */,
				BD7B306627616E54006B8274 /* musicNotesAI_29-11-2021_23-09.mlmodel */,
				BDA1FDF6274939DC00AC8970 /* CanvasView.swift */,
				BDA1FDEA2749394A00AC8970 /* ContentView.swift */,
				BDA1FDEC2749394B00AC8970 /* Assets.xcassets */,
				BDA1FDEE2749394B00AC8970 /* Preview Content */,
			);
			path = "Generate Dataset To Music Notes";
			sourceTree = "<group>";
		};
		BDA1FDEE2749394B00AC8970 /* Preview Content */ = {
			isa = PBXGroup;
			children = (
				BDA1FDEF2749394B00AC8970 /* Preview Assets.xcassets */,
			);
			path = "Preview Content";
			sourceTree = "<group>";
		};
/* End PBXGroup section */

/* Begin PBXNativeTarget section */
		BDA1FDE42749394A00AC8970 /* Generate Dataset To Music Notes */ = {
			isa = PBXNativeTarget;
			buildConfigurationList = BDA1FDF32749394B00AC8970 /* Build configuration list for PBXNativeTarget "Generate Dataset To Music Notes" */;
			buildPhases = (
				BDA1FDE12749394A00AC8970 /* Sources */,
				BDA1FDE22749394A00AC8970 /* Frameworks */,
				BDA1FDE32749394A00AC8970 /* Resources */,
			);
			buildRules = (
			);
			dependencies = (
			);
			name = "Generate Dataset To Music Notes";
			productName = "Generate Dataset To Music Notes";
			productReference = BDA1FDE52749394A00AC8970 /* Generate Dataset To Music Notes.app */;
			productType = "com.apple.product-type.application";
		};
/* End PBXNativeTarget section */

/* Begin PBXProject section */
		BDA1FDDD2749394A00AC8970 /* Project object */ = {
			isa = PBXProject;
			attributes = {
				BuildIndependentTargetsInParallel = 1;
				LastSwiftUpdateCheck = 1300;
				LastUpgradeCheck = 1300;
				TargetAttributes = {
					BDA1FDE42749394A00AC8970 = {
						CreatedOnToolsVersion = 13.0;
					};
				};
			};
			buildConfigurationList = BDA1FDE02749394A00AC8970 /* Build configuration list for PBXProject "Generate Dataset To Music Notes" */;
			compatibilityVersion = "Xcode 13.0";
			developmentRegion = en;
			hasScannedForEncodings = 0;
			knownRegions = (
				en,
				Base,
			);
			mainGroup = BDA1FDDC2749394A00AC8970;
			productRefGroup = BDA1FDE62749394A00AC8970 /* Products */;
			projectDirPath = "";
			projectRoot = "";
			targets = (
				BDA1FDE42749394A00AC8970 /* Generate Dataset To Music Notes */,
			);
		};
/* End PBXProject section */

/* Begin PBXResourcesBuildPhase section */
		BDA1FDE32749394A00AC8970 /* Resources */ = {
			isa = PBXResourcesBuildPhase;
			buildActionMask = 2147483647;
			files = (
				BDA1FDF02749394B00AC8970 /* Preview Assets.xcassets in Resources */,
				BDA1FDED2749394B00AC8970 /* Assets.xcassets in Resources */,
			);
			runOnlyForDeploymentPostprocessing = 0;
		};
/* End PBXResourcesBuildPhase section */

/* Begin PBXSourcesBuildPhase section */
		BDA1FDE12749394A00AC8970 /* Sources */ = {
			isa = PBXSourcesBuildPhase;
			buildActionMask = 2147483647;
			files = (
				BDA1FDEB2749394A00AC8970 /* ContentView.swift in Sources */,
				BDA1FDFB2749A2A500AC8970 /* ImageDocument.swift in Sources */,
				BDA1FDF9274939F300AC8970 /* StaffView.swift in Sources */,
				BDA1FDE92749394A00AC8970 /* Generate_Dataset_To_Music_NotesApp.swift in Sources */,
				BD7B306727616E54006B8274 /* musicNotesAI_29-11-2021_23-09.mlmodel in Sources */,
				BDA1FDF7274939DC00AC8970 /* CanvasView.swift in Sources */,
			);
			runOnlyForDeploymentPostprocessing = 0;
		};
/* End PBXSourcesBuildPhase section */

/* Begin XCBuildConfiguration section */
		BDA1FDF12749394B00AC8970 /* Debug */ = {
			isa = XCBuildConfiguration;
			buildSettings = {
				ALWAYS_SEARCH_USER_PATHS = NO;
				CLANG_ANALYZER_NONNULL = YES;
				CLANG_ANALYZER_NUMBER_OBJECT_CONVERSION = YES_AGGRESSIVE;
				CLANG_CXX_LANGUAGE_STANDARD = "gnu++17";
				CLANG_CXX_LIBRARY = "libc++";
				CLANG_ENABLE_MODULES = YES;
				CLANG_ENABLE_OBJC_ARC = YES;
				CLANG_ENABLE_OBJC_WEAK = YES;
				CLANG_WARN_BLOCK_CAPTURE_AUTORELEASING = YES;
				CLANG_WARN_BOOL_CONVERSION = YES;
				CLANG_WARN_COMMA = YES;
				CLANG_WARN_CONSTANT_CONVERSION = YES;
				CLANG_WARN_DEPRECATED_OBJC_IMPLEMENTATIONS = YES;
				CLANG_WARN_DIRECT_OBJC_ISA_USAGE = YES_ERROR;
				CLANG_WARN_DOCUMENTATION_COMMENTS = YES;
				CLANG_WARN_EMPTY_BODY = YES;
				CLANG_WARN_ENUM_CONVERSION = YES;
				CLANG_WARN_INFINITE_RECURSION = YES;
				CLANG_WARN_INT_CONVERSION = YES;
				CLANG_WARN_NON_LITERAL_NULL_CONVERSION = YES;
				CLANG_WARN_OBJC_IMPLICIT_RETAIN_SELF = YES;
				CLANG_WARN_OBJC_LITERAL_CONVERSION = YES;
				CLANG_WARN_OBJC_ROOT_CLASS = YES_ERROR;
				CLANG_WARN_QUOTED_INCLUDE_IN_FRAMEWORK_HEADER = YES;
				CLANG_WARN_RANGE_LOOP_ANALYSIS = YES;
				CLANG_WARN_STRICT_PROTOTYPES = YES;
				CLANG_WARN_SUSPICIOUS_MOVE = YES;
				CLANG_WARN_UNGUARDED_AVAILABILITY = YES_AGGRESSIVE;
				CLANG_WARN_UNREACHABLE_CODE = YES;
				CLANG_WARN__DUPLICATE_METHOD_MATCH = YES;
				COPY_PHASE_STRIP = NO;
				DEBUG_INFORMATION_FORMAT = dwarf;
				ENABLE_STRICT_OBJC_MSGSEND = YES;
				ENABLE_TESTABILITY = YES;
				GCC_C_LANGUAGE_STANDARD = gnu11;
				GCC_DYNAMIC_NO_PIC = NO;
				GCC_NO_COMMON_BLOCKS = YES;
				GCC_OPTIMIZATION_LEVEL = 0;
				GCC_PREPROCESSOR_DEFINITIONS = (
					"DEBUG=1",
					"$(inherited)",
				);
				GCC_WARN_64_TO_32_BIT_CONVERSION = YES;
				GCC_WARN_ABOUT_RETURN_TYPE = YES_ERROR;
				GCC_WARN_UNDECLARED_SELECTOR = YES;
				GCC_WARN_UNINITIALIZED_AUTOS = YES_AGGRESSIVE;
				GCC_WARN_UNUSED_FUNCTION = YES;
				GCC_WARN_UNUSED_VARIABLE = YES;
				IPHONEOS_DEPLOYMENT_TARGET = 15.0;
				MTL_ENABLE_DEBUG_INFO = INCLUDE_SOURCE;
				MTL_FAST_MATH = YES;
				ONLY_ACTIVE_ARCH = YES;
				SDKROOT = iphoneos;
				SWIFT_ACTIVE_COMPILATION_CONDITIONS = DEBUG;
				SWIFT_OPTIMIZATION_LEVEL = "-Onone";
			};
			name = Debug;
		};
		BDA1FDF22749394B00AC8970 /* Release */ = {
			isa = XCBuildConfiguration;
			buildSettings = {
				ALWAYS_SEARCH_USER_PATHS = NO;
				CLANG_ANALYZER_NONNULL = YES;
				CLANG_ANALYZER_NUMBER_OBJECT_CONVERSION = YES_AGGRESSIVE;
				CLANG_CXX_LANGUAGE_STANDARD = "gnu++17";
				CLANG_CXX_LIBRARY = "libc++";
				CLANG_ENABLE_MODULES = YES;
				CLANG_ENABLE_OBJC_ARC = YES;
				CLANG_ENABLE_OBJC_WEAK = YES;
				CLANG_WARN_BLOCK_CAPTURE_AUTORELEASING = YES;
				CLANG_WARN_BOOL_CONVERSION = YES;
				CLANG_WARN_COMMA = YES;
				CLANG_WARN_CONSTANT_CONVERSION = YES;
				CLANG_WARN_DEPRECATED_OBJC_IMPLEMENTATIONS = YES;
				CLANG_WARN_DIRECT_OBJC_ISA_USAGE = YES_ERROR;
				CLANG_WARN_DOCUMENTATION_COMMENTS = YES;
				CLANG_WARN_EMPTY_BODY = YES;
				CLANG_WARN_ENUM_CONVERSION = YES;
				CLANG_WARN_INFINITE_RECURSION = YES;
				CLANG_WARN_INT_CONVERSION = YES;
				CLANG_WARN_NON_LITERAL_NULL_CONVERSION = YES;
				CLANG_WARN_OBJC_IMPLICIT_RETAIN_SELF = YES;
				CLANG_WARN_OBJC_LITERAL_CONVERSION = YES;
				CLANG_WARN_OBJC_ROOT_CLASS = YES_ERROR;
				CLANG_WARN_QUOTED_INCLUDE_IN_FRAMEWORK_HEADER = YES;
				CLANG_WARN_RANGE_LOOP_ANALYSIS = YES;
				CLANG_WARN_STRICT_PROTOTYPES = YES;
				CLANG_WARN_SUSPICIOUS_MOVE = YES;
				CLANG_WARN_UNGUARDED_AVAILABILITY = YES_AGGRESSIVE;
				CLANG_WARN_UNREACHABLE_CODE = YES;
				CLANG_WARN__DUPLICATE_METHOD_MATCH = YES;
				COPY_PHASE_STRIP = NO;
				DEBUG_INFORMATION_FORMAT = "dwarf-with-dsym";
				ENABLE_NS_ASSERTIONS = NO;
				ENABLE_STRICT_OBJC_MSGSEND = YES;
				GCC_C_LANGUAGE_STANDARD = gnu11;
				GCC_NO_COMMON_BLOCKS = YES;
				GCC_WARN_64_TO_32_BIT_CONVERSION = YES;
				GCC_WARN_ABOUT_RETURN_TYPE = YES_ERROR;
				GCC_WARN_UNDECLARED_SELECTOR = YES;
				GCC_WARN_UNINITIALIZED_AUTOS = YES_AGGRESSIVE;
				GCC_WARN_UNUSED_FUNCTION = YES;
				GCC_WARN_UNUSED_VARIABLE = YES;
				IPHONEOS_DEPLOYMENT_TARGET = 15.0;
				MTL_ENABLE_DEBUG_INFO = NO;
				MTL_FAST_MATH = YES;
				SDKROOT = iphoneos;
				SWIFT_COMPILATION_MODE = wholemodule;
				SWIFT_OPTIMIZATION_LEVEL = "-O";
				VALIDATE_PRODUCT = YES;
			};
			name = Release;
		};
		BDA1FDF42749394B00AC8970 /* Debug */ = {
			isa = XCBuildConfiguration;
			buildSettings = {
				ASSETCATALOG_COMPILER_APPICON_NAME = AppIcon;
				ASSETCATALOG_COMPILER_GLOBAL_ACCENT_COLOR_NAME = AccentColor;
				CODE_SIGN_STYLE = Automatic;
				CURRENT_PROJECT_VERSION = 1;
				DEVELOPMENT_ASSET_PATHS = "\"Generate Dataset To Music Notes/Preview Content\"";
				DEVELOPMENT_TEAM = 685JA435L4;
				ENABLE_PREVIEWS = YES;
				GENERATE_INFOPLIST_FILE = YES;
				INFOPLIST_KEY_UIApplicationSceneManifest_Generation = YES;
				INFOPLIST_KEY_UIApplicationSupportsIndirectInputEvents = YES;
				INFOPLIST_KEY_UILaunchScreen_Generation = YES;
				INFOPLIST_KEY_UISupportedInterfaceOrientations_iPad = "UIInterfaceOrientationPortrait UIInterfaceOrientationPortraitUpsideDown UIInterfaceOrientationLandscapeLeft UIInterfaceOrientationLandscapeRight";
				INFOPLIST_KEY_UISupportedInterfaceOrientations_iPhone = "UIInterfaceOrientationPortrait UIInterfaceOrientationLandscapeLeft UIInterfaceOrientationLandscapeRight";
				IPHONEOS_DEPLOYMENT_TARGET = 15.0;
				LD_RUNPATH_SEARCH_PATHS = (
					"$(inherited)",
					"@executable_path/Frameworks",
				);
				MARKETING_VERSION = 1.0;
				PRODUCT_BUNDLE_IDENTIFIER = "AF.Generate-Dataset-To-Music-Notes";
				PRODUCT_NAME = "$(TARGET_NAME)";
				SWIFT_EMIT_LOC_STRINGS = YES;
				SWIFT_VERSION = 5.0;
				TARGETED_DEVICE_FAMILY = "1,2";
			};
			name = Debug;
		};
		BDA1FDF52749394B00AC8970 /* Release */ = {
			isa = XCBuildConfiguration;
			buildSettings = {
				ASSETCATALOG_COMPILER_APPICON_NAME = AppIcon;
				ASSETCATALOG_COMPILER_GLOBAL_ACCENT_COLOR_NAME = AccentColor;
				CODE_SIGN_STYLE = Automatic;
				CURRENT_PROJECT_VERSION = 1;
				DEVELOPMENT_ASSET_PATHS = "\"Generate Dataset To Music Notes/Preview Content\"";
				DEVELOPMENT_TEAM = 685JA435L4;
				ENABLE_PREVIEWS = YES;
				GENERATE_INFOPLIST_FILE = YES;
				INFOPLIST_KEY_UIApplicationSceneManifest_Generation = YES;
				INFOPLIST_KEY_UIApplicationSupportsIndirectInputEvents = YES;
				INFOPLIST_KEY_UILaunchScreen_Generation = YES;
				INFOPLIST_KEY_UISupportedInterfaceOrientations_iPad = "UIInterfaceOrientationPortrait UIInterfaceOrientationPortraitUpsideDown UIInterfaceOrientationLandscapeLeft UIInterfaceOrientationLandscapeRight";
				INFOPLIST_KEY_UISupportedInterfaceOrientations_iPhone = "UIInterfaceOrientationPortrait UIInterfaceOrientationLandscapeLeft UIInterfaceOrientationLandscapeRight";
				IPHONEOS_DEPLOYMENT_TARGET = 15.0;
				LD_RUNPATH_SEARCH_PATHS = (
					"$(inherited)",
					"@executable_path/Frameworks",
				);
				MARKETING_VERSION = 1.0;
				PRODUCT_BUNDLE_IDENTIFIER = "AF.Generate-Dataset-To-Music-Notes";
				PRODUCT_NAME = "$(TARGET_NAME)";
				SWIFT_EMIT_LOC_STRINGS = YES;
				SWIFT_VERSION = 5.0;
				TARGETED_DEVICE_FAMILY = "1,2";
			};
			name = Release;
		};
/* End XCBuildConfiguration section */

/* Begin XCConfigurationList section */
		BDA1FDE02749394A00AC8970 /* Build configuration list for PBXProject "Generate Dataset To Music Notes" */ = {
			isa = XCConfigurationList;
			buildConfigurations = (
				BDA1FDF12749394B00AC8970 /* Debug */,
				BDA1FDF22749394B00AC8970 /* Release */,
			);
			defaultConfigurationIsVisible = 0;
			defaultConfigurationName = Release;
		};
		BDA1FDF32749394B00AC8970 /* Build configuration list for PBXNativeTarget "Generate Dataset To Music Notes" */ = {
			isa = XCConfigurationList;
			buildConfigurations = (
				BDA1FDF42749394B00AC8970 /* Debug */,
				BDA1FDF52749394B00AC8970 /* Release */,
			);
			defaultConfigurationIsVisible = 0;
			defaultConfigurationName = Release;
		};
/* End XCConfigurationList section */
	};
	rootObject = BDA1FDDD2749394A00AC8970 /* Project object */;
}
